<?xml version="1.0" encoding="utf-8"?>
<Project ToolsVersion="4.0" xmlns="http://schemas.microsoft.com/developer/msbuild/2003">
  <ItemGroup>
    <Filter Include="Source Files">
      <UniqueIdentifier>{4FC737F1-C7A5-4376-A066-2A32D752A2FF}</UniqueIdentifier>
      <Extensions>cpp;c;cc;cxx;def;odl;idl;hpj;bat;asm;asmx</Extensions>
    </Filter>
    <Filter Include="Header Files">
      <UniqueIdentifier>{93995380-89BD-4b04-88EB-625FBE52EBFB}</UniqueIdentifier>
      <Extensions>h;hpp;hxx;hm;inl;inc;xsd</Extensions>
    </Filter>
    <Filter Include="Resource Files">
      <UniqueIdentifier>{67DA6AB6-F800-4c08-8B7A-83BB121AAD01}</UniqueIdentifier>
      <Extensions>rc;ico;cur;bmp;dlg;rc2;rct;bin;rgs;gif;jpg;jpeg;jpe;resx;tiff;tif;png;wav;mfcribbon-ms</Extensions>
    </Filter>
    <Filter Include="Source Files\Features">
      <UniqueIdentifier>{cd42f82d-6105-43e1-8a97-38bb718f36b0}</UniqueIdentifier>
    </Filter>
    <Filter Include="Source Files\Classifiers">
      <UniqueIdentifier>{d84be3f6-8518-49b4-8ada-76e5786c9849}</UniqueIdentifier>
    </Filter>
  </ItemGroup>
  <ItemGroup>
    <ClCompile Include="main.cpp">
      <Filter>Source Files</Filter>
    </ClCompile>
    <ClCompile Include="io.cpp">
      <Filter>Source Files</Filter>
    </ClCompile>
    <ClCompile Include="Dataset.cpp">
      <Filter>Source Files</Filter>
    </ClCompile>
    <ClCompile Include="utils.cpp">
      <Filter>Source Files</Filter>
    </ClCompile>
    <ClCompile Include="classifiers.cpp">
      <Filter>Source Files</Filter>
    </ClCompile>
    <ClCompile Include="CentroidExtractor.cpp">
      <Filter>Source Files\Features</Filter>
    </ClCompile>
    <ClCompile Include="LinearStdExtracor.cpp">
      <Filter>Source Files\Features</Filter>
    </ClCompile>
    <ClCompile Include="pca.cpp">
      <Filter>Source Files\Features</Filter>
    </ClCompile>
    <ClCompile Include="SVMClassifier.cpp">
      <Filter>Source Files\Classifiers</Filter>
    </ClCompile>
  </ItemGroup>
  <ItemGroup>
    <ClInclude Include="ActionClassifier.h">
      <Filter>Header Files</Filter>
    </ClInclude>
    <ClInclude Include="io.h">
      <Filter>Header Files</Filter>
    </ClInclude>
    <ClInclude Include="features.h">
      <Filter>Header Files</Filter>
    </ClInclude>
    <ClInclude Include="utils.h">
      <Filter>Header Files</Filter>
    </ClInclude>
    <ClInclude Include="pca.h">
      <Filter>Header Files</Filter>
    </ClInclude>
    <ClInclude Include="classifiers.h">
      <Filter>Header Files</Filter>
    </ClInclude>
  </ItemGroup>
</Project>